
Microsoft Visual Studio Solution File, Format Version 12.00
# Visual Studio Version 16
VisualStudioVersion = 16.0.29806.167
MinimumVisualStudioVersion = 10.0.40219.1
Project("{2150E333-8FDC-42A3-9474-1A3956D46DE8}") = "PV.Event.Publisher", "PV.Event.Publisher", "{335BCF9F-F3CD-4667-9F26-62C09E04F888}"
EndProject
Project("{2150E333-8FDC-42A3-9474-1A3956D46DE8}") = "ProView.Attestation.Publisher", "ProView.Attestation.Publisher", "{192152D4-ACA6-4E65-B272-9238B97E4859}"
EndProject
Project("{2150E333-8FDC-42A3-9474-1A3956D46DE8}") = "PV.Event.Subscriber", "PV.Event.Subscriber", "{8B568C86-1683-44D9-AAC9-FF554386833D}"
EndProject
Project("{2150E333-8FDC-42A3-9474-1A3956D46DE8}") = "Attestation.Event.Subscriber", "Attestation.Event.Subscriber", "{1208AB13-4F2F-4651-8110-4FD96F9EBB65}"
EndProject
Project("{2150E333-8FDC-42A3-9474-1A3956D46DE8}") = "PV.Event.Utilities", "PV.Event.Utilities", "{93CAE949-12CB-4316-8721-F352CDE1C3DF}"
EndProject
Project("{9A19103F-16F7-4668-BE54-9A1E7A4F7556}") = "PV.Event.Common", "PV.Event.Utilities\PV.Event.Common\PV.Event.Common.csproj", "{BEB45D60-0ABB-4C0A-A44B-0C8A1107F8DD}"
EndProject
Project("{9A19103F-16F7-4668-BE54-9A1E7A4F7556}") = "PV.Event.Constants", "PV.Event.Utilities\PV.Event.Constants\PV.Event.Constants.csproj", "{239730BB-9A70-4F5C-B590-AA5B3142E67A}"
EndProject
Project("{2150E333-8FDC-42A3-9474-1A3956D46DE8}") = "PV.Event.Security", "PV.Event.Security", "{90E98E42-83EF-48C7-AB57-460F8889E8F7}"
EndProject
Project("{9A19103F-16F7-4668-BE54-9A1E7A4F7556}") = "PV.Event.Security", "PV.Event.Security\PV.Event.Security.csproj", "{A95FACF2-08B8-42C0-8AA5-54D8853D77C5}"
EndProject
Project("{9A19103F-16F7-4668-BE54-9A1E7A4F7556}") = "ProView.Attestation.Publisher", "PV.Event.Publisher\ProView.Attestation.Publisher\ProView.Attestation.Publisher.csproj", "{CD689AF4-2934-439B-841C-2654528D378D}"
EndProject
Project("{9A19103F-16F7-4668-BE54-9A1E7A4F7556}") = "ProView.Attestation.Publisher.BL", "PV.Event.Publisher\ProView.Attestation.Publisher.BL\ProView.Attestation.Publisher.BL.csproj", "{24E14D1A-06DA-4571-A303-87BD85877B70}"
EndProject
Project("{9A19103F-16F7-4668-BE54-9A1E7A4F7556}") = "ProView.Attestation.Publisher.DAL", "PV.Event.Publisher\ProView.Attestation.Publisher.DAL\ProView.Attestation.Publisher.DAL.csproj", "{8F81746F-F221-445F-A1CB-67D072778DF4}"
EndProject
Project("{9A19103F-16F7-4668-BE54-9A1E7A4F7556}") = "ProView.Attestation.Publisher.Model", "PV.Event.Publisher\ProView.Attestation.Publishers.Model\ProView.Attestation.Publisher.Model.csproj", "{61B705F1-A7D5-4D0F-BA11-28AE268D33D1}"
EndProject
Project("{9A19103F-16F7-4668-BE54-9A1E7A4F7556}") = "Attestation.Event.Subscriber", "PV.Event.Subscriber\Attestation.Event.Subscriber\Attestation.Event.Subscriber\Attestation.Event.Subscriber.csproj", "{99DEE1D7-3F13-4832-A723-88FE772778BC}"
EndProject
Project("{9A19103F-16F7-4668-BE54-9A1E7A4F7556}") = "Attestation.Event.Subscriber.BL", "PV.Event.Subscriber\Attestation.Event.Subscriber\Attestation.Event.Subscriber.BL\Attestation.Event.Subscriber.BL.csproj", "{D47094A3-0B88-405F-870E-8AF236FDF8DD}"
EndProject
Project("{9A19103F-16F7-4668-BE54-9A1E7A4F7556}") = "Attestation.Event.Subscriber.DAL", "PV.Event.Subscriber\Attestation.Event.Subscriber\Attestation.Event.Subscriber.DAL\Attestation.Event.Subscriber.DAL.csproj", "{D507C618-6A80-43B9-B765-9D5B3A05EBAB}"
EndProject
Global
	GlobalSection(SolutionConfigurationPlatforms) = preSolution
		Debug|Any CPU = Debug|Any CPU
		Release|Any CPU = Release|Any CPU
	EndGlobalSection
	GlobalSection(ProjectConfigurationPlatforms) = postSolution
		{BEB45D60-0ABB-4C0A-A44B-0C8A1107F8DD}.Debug|Any CPU.ActiveCfg = Debug|Any CPU
		{BEB45D60-0ABB-4C0A-A44B-0C8A1107F8DD}.Debug|Any CPU.Build.0 = Debug|Any CPU
		{BEB45D60-0ABB-4C0A-A44B-0C8A1107F8DD}.Release|Any CPU.ActiveCfg = Release|Any CPU
		{BEB45D60-0ABB-4C0A-A44B-0C8A1107F8DD}.Release|Any CPU.Build.0 = Release|Any CPU
		{239730BB-9A70-4F5C-B590-AA5B3142E67A}.Debug|Any CPU.ActiveCfg = Debug|Any CPU
		{239730BB-9A70-4F5C-B590-AA5B3142E67A}.Debug|Any CPU.Build.0 = Debug|Any CPU
		{239730BB-9A70-4F5C-B590-AA5B3142E67A}.Release|Any CPU.ActiveCfg = Release|Any CPU
		{239730BB-9A70-4F5C-B590-AA5B3142E67A}.Release|Any CPU.Build.0 = Release|Any CPU
		{A95FACF2-08B8-42C0-8AA5-54D8853D77C5}.Debug|Any CPU.ActiveCfg = Debug|Any CPU
		{A95FACF2-08B8-42C0-8AA5-54D8853D77C5}.Debug|Any CPU.Build.0 = Debug|Any CPU
		{A95FACF2-08B8-42C0-8AA5-54D8853D77C5}.Release|Any CPU.ActiveCfg = Release|Any CPU
		{A95FACF2-08B8-42C0-8AA5-54D8853D77C5}.Release|Any CPU.Build.0 = Release|Any CPU
		{CD689AF4-2934-439B-841C-2654528D378D}.Debug|Any CPU.ActiveCfg = Debug|Any CPU
		{CD689AF4-2934-439B-841C-2654528D378D}.Debug|Any CPU.Build.0 = Debug|Any CPU
		{CD689AF4-2934-439B-841C-2654528D378D}.Release|Any CPU.ActiveCfg = Release|Any CPU
		{CD689AF4-2934-439B-841C-2654528D378D}.Release|Any CPU.Build.0 = Release|Any CPU
		{24E14D1A-06DA-4571-A303-87BD85877B70}.Debug|Any CPU.ActiveCfg = Debug|Any CPU
		{24E14D1A-06DA-4571-A303-87BD85877B70}.Debug|Any CPU.Build.0 = Debug|Any CPU
		{24E14D1A-06DA-4571-A303-87BD85877B70}.Release|Any CPU.ActiveCfg = Release|Any CPU
		{24E14D1A-06DA-4571-A303-87BD85877B70}.Release|Any CPU.Build.0 = Release|Any CPU
		{8F81746F-F221-445F-A1CB-67D072778DF4}.Debug|Any CPU.ActiveCfg = Debug|Any CPU
		{8F81746F-F221-445F-A1CB-67D072778DF4}.Debug|Any CPU.Build.0 = Debug|Any CPU
		{8F81746F-F221-445F-A1CB-67D072778DF4}.Release|Any CPU.ActiveCfg = Release|Any CPU
		{8F81746F-F221-445F-A1CB-67D072778DF4}.Release|Any CPU.Build.0 = Release|Any CPU
		{61B705F1-A7D5-4D0F-BA11-28AE268D33D1}.Debug|Any CPU.ActiveCfg = Debug|Any CPU
		{61B705F1-A7D5-4D0F-BA11-28AE268D33D1}.Debug|Any CPU.Build.0 = Debug|Any CPU
		{61B705F1-A7D5-4D0F-BA11-28AE268D33D1}.Release|Any CPU.ActiveCfg = Release|Any CPU
		{61B705F1-A7D5-4D0F-BA11-28AE268D33D1}.Release|Any CPU.Build.0 = Release|Any CPU
		{99DEE1D7-3F13-4832-A723-88FE772778BC}.Debug|Any CPU.ActiveCfg = Debug|Any CPU
		{99DEE1D7-3F13-4832-A723-88FE772778BC}.Debug|Any CPU.Build.0 = Debug|Any CPU
		{99DEE1D7-3F13-4832-A723-88FE772778BC}.Release|Any CPU.ActiveCfg = Release|Any CPU
		{99DEE1D7-3F13-4832-A723-88FE772778BC}.Release|Any CPU.Build.0 = Release|Any CPU
		{D47094A3-0B88-405F-870E-8AF236FDF8DD}.Debug|Any CPU.ActiveCfg = Debug|Any CPU
		{D47094A3-0B88-405F-870E-8AF236FDF8DD}.Debug|Any CPU.Build.0 = Debug|Any CPU
		{D47094A3-0B88-405F-870E-8AF236FDF8DD}.Release|Any CPU.ActiveCfg = Release|Any CPU
		{D47094A3-0B88-405F-870E-8AF236FDF8DD}.Release|Any CPU.Build.0 = Release|Any CPU
		{D507C618-6A80-43B9-B765-9D5B3A05EBAB}.Debug|Any CPU.ActiveCfg = Debug|Any CPU
		{D507C618-6A80-43B9-B765-9D5B3A05EBAB}.Debug|Any CPU.Build.0 = Debug|Any CPU
		{D507C618-6A80-43B9-B765-9D5B3A05EBAB}.Release|Any CPU.ActiveCfg = Release|Any CPU
		{D507C618-6A80-43B9-B765-9D5B3A05EBAB}.Release|Any CPU.Build.0 = Release|Any CPU
	EndGlobalSection
	GlobalSection(SolutionProperties) = preSolution
		HideSolutionNode = FALSE
	EndGlobalSection
	GlobalSection(NestedProjects) = preSolution
		{192152D4-ACA6-4E65-B272-9238B97E4859} = {335BCF9F-F3CD-4667-9F26-62C09E04F888}
		{1208AB13-4F2F-4651-8110-4FD96F9EBB65} = {8B568C86-1683-44D9-AAC9-FF554386833D}
		{BEB45D60-0ABB-4C0A-A44B-0C8A1107F8DD} = {93CAE949-12CB-4316-8721-F352CDE1C3DF}
		{239730BB-9A70-4F5C-B590-AA5B3142E67A} = {93CAE949-12CB-4316-8721-F352CDE1C3DF}
		{A95FACF2-08B8-42C0-8AA5-54D8853D77C5} = {90E98E42-83EF-48C7-AB57-460F8889E8F7}
		{CD689AF4-2934-439B-841C-2654528D378D} = {192152D4-ACA6-4E65-B272-9238B97E4859}
		{24E14D1A-06DA-4571-A303-87BD85877B70} = {192152D4-ACA6-4E65-B272-9238B97E4859}
		{8F81746F-F221-445F-A1CB-67D072778DF4} = {192152D4-ACA6-4E65-B272-9238B97E4859}
		{61B705F1-A7D5-4D0F-BA11-28AE268D33D1} = {192152D4-ACA6-4E65-B272-9238B97E4859}
		{99DEE1D7-3F13-4832-A723-88FE772778BC} = {1208AB13-4F2F-4651-8110-4FD96F9EBB65}
		{D47094A3-0B88-405F-870E-8AF236FDF8DD} = {1208AB13-4F2F-4651-8110-4FD96F9EBB65}
		{D507C618-6A80-43B9-B765-9D5B3A05EBAB} = {1208AB13-4F2F-4651-8110-4FD96F9EBB65}
	EndGlobalSection
	GlobalSection(ExtensibilityGlobals) = postSolution
		SolutionGuid = {0D722EBF-E59A-44C1-BA55-331919A20F3F}
	EndGlobalSection
EndGlobal
