
Microsoft Visual Studio Solution File, Format Version 12.00
# Visual Studio 15
VisualStudioVersion = 15.0.28307.489
MinimumVisualStudioVersion = 10.0.40219.1
Project("{9A19103F-16F7-4668-BE54-9A1E7A4F7556}") = "ConsoleAppSB", "ConsoleAppSB\ConsoleAppSB.csproj", "{7DE1165F-1EB7-4F0A-B96A-1FC4B862AA09}"
EndProject
Project("{9A19103F-16F7-4668-BE54-9A1E7A4F7556}") = "UnitTestProject", "UnitTestProject\UnitTestProject.csproj", "{5229EC59-49A7-40E4-8DF8-14E34AEE2665}"
EndProject
Project("{FAE04EC0-301F-11D3-BF4B-00C04F79EFBC}") = "SASTokenGenerator", "ConsoleApp1\SASTokenGenerator.csproj", "{D92D5A40-F442-4A52-B8F9-F681293BC72D}"
EndProject
Project("{FAE04EC0-301F-11D3-BF4B-00C04F79EFBC}") = "WebJobWithoutSdk", "WebJobWithoutSdk\WebJobWithoutSdk.csproj", "{A9C706D1-A760-496F-9501-B085AD129332}"
EndProject
Global
	GlobalSection(SolutionConfigurationPlatforms) = preSolution
		Debug|Any CPU = Debug|Any CPU
		Release|Any CPU = Release|Any CPU
	EndGlobalSection
	GlobalSection(ProjectConfigurationPlatforms) = postSolution
		{7DE1165F-1EB7-4F0A-B96A-1FC4B862AA09}.Debug|Any CPU.ActiveCfg = Debug|Any CPU
		{7DE1165F-1EB7-4F0A-B96A-1FC4B862AA09}.Debug|Any CPU.Build.0 = Debug|Any CPU
		{7DE1165F-1EB7-4F0A-B96A-1FC4B862AA09}.Release|Any CPU.ActiveCfg = Release|Any CPU
		{7DE1165F-1EB7-4F0A-B96A-1FC4B862AA09}.Release|Any CPU.Build.0 = Release|Any CPU
		{5229EC59-49A7-40E4-8DF8-14E34AEE2665}.Debug|Any CPU.ActiveCfg = Debug|Any CPU
		{5229EC59-49A7-40E4-8DF8-14E34AEE2665}.Debug|Any CPU.Build.0 = Debug|Any CPU
		{5229EC59-49A7-40E4-8DF8-14E34AEE2665}.Release|Any CPU.ActiveCfg = Release|Any CPU
		{5229EC59-49A7-40E4-8DF8-14E34AEE2665}.Release|Any CPU.Build.0 = Release|Any CPU
		{D92D5A40-F442-4A52-B8F9-F681293BC72D}.Debug|Any CPU.ActiveCfg = Debug|Any CPU
		{D92D5A40-F442-4A52-B8F9-F681293BC72D}.Debug|Any CPU.Build.0 = Debug|Any CPU
		{D92D5A40-F442-4A52-B8F9-F681293BC72D}.Release|Any CPU.ActiveCfg = Release|Any CPU
		{D92D5A40-F442-4A52-B8F9-F681293BC72D}.Release|Any CPU.Build.0 = Release|Any CPU
		{A9C706D1-A760-496F-9501-B085AD129332}.Debug|Any CPU.ActiveCfg = Debug|Any CPU
		{A9C706D1-A760-496F-9501-B085AD129332}.Debug|Any CPU.Build.0 = Debug|Any CPU
		{A9C706D1-A760-496F-9501-B085AD129332}.Release|Any CPU.ActiveCfg = Release|Any CPU
		{A9C706D1-A760-496F-9501-B085AD129332}.Release|Any CPU.Build.0 = Release|Any CPU
	EndGlobalSection
	GlobalSection(SolutionProperties) = preSolution
		HideSolutionNode = FALSE
	EndGlobalSection
	GlobalSection(ExtensibilityGlobals) = postSolution
		SolutionGuid = {4A944D21-5409-4356-B019-08BE125A8A1E}
	EndGlobalSection
EndGlobal
